
Microsoft Visual Studio Solution File, Format Version 12.00
# Visual Studio Version 17
VisualStudioVersion = 17.10.34928.147
MinimumVisualStudioVersion = 10.0.40219.1
Project("{FAE04EC0-301F-11D3-BF4B-00C04F79EFBC}") = "Jurassic Console Park", "Jurassic Console Park.csproj", "{58C14599-1DCC-462F-85D8-06A6D57492AA}"
EndProject
Global
	GlobalSection(SolutionConfigurationPlatforms) = preSolution
		Debug|Any CPU = Debug|Any CPU
		Release|Any CPU = Release|Any CPU
	EndGlobalSection
	GlobalSection(ProjectConfigurationPlatforms) = postSolution
		{58C14599-1DCC-462F-85D8-06A6D57492AA}.Debug|Any CPU.ActiveCfg = Debug|Any CPU
		{58C14599-1DCC-462F-85D8-06A6D57492AA}.Debug|Any CPU.Build.0 = Debug|Any CPU
		{58C14599-1DCC-462F-85D8-06A6D57492AA}.Release|Any CPU.ActiveCfg = Release|Any CPU
		{58C14599-1DCC-462F-85D8-06A6D57492AA}.Release|Any CPU.Build.0 = Release|Any CPU
	EndGlobalSection
	GlobalSection(SolutionProperties) = preSolution
		HideSolutionNode = FALSE
	EndGlobalSection
	GlobalSection(ExtensibilityGlobals) = postSolution
		SolutionGuid = {FBB2EE0E-E8CD-4AE7-AF04-F2E9037B47FC}
	EndGlobalSection
EndGlobal
